
Microsoft Visual Studio Solution File, Format Version 12.00
# Visual Studio 15
VisualStudioVersion = 15.0.27004.2002
MinimumVisualStudioVersion = 10.0.40219.1
Project("{FAE04EC0-301F-11D3-BF4B-00C04F79EFBC}") = "CSharpSampleProject", "CSharpSampleProject\CSharpSampleProject.csproj", "{F0AD4AB8-8185-4336-96D0-4F5DF53A8B00}"
EndProject
Project("{FAE04EC0-301F-11D3-BF4B-00C04F79EFBC}") = "UnitTestProject1", "UnitTestProject1\UnitTestProject1.csproj", "{530F1992-65C6-4CB4-82EC-85FA81A7104B}"
EndProject
Global
	GlobalSection(SolutionConfigurationPlatforms) = preSolution
		Debug|Any CPU = Debug|Any CPU
		Release|Any CPU = Release|Any CPU
	EndGlobalSection
	GlobalSection(ProjectConfigurationPlatforms) = postSolution
		{F0AD4AB8-8185-4336-96D0-4F5DF53A8B00}.Debug|Any CPU.ActiveCfg = Debug|Any CPU
		{F0AD4AB8-8185-4336-96D0-4F5DF53A8B00}.Debug|Any CPU.Build.0 = Debug|Any CPU
		{F0AD4AB8-8185-4336-96D0-4F5DF53A8B00}.Release|Any CPU.ActiveCfg = Release|Any CPU
		{F0AD4AB8-8185-4336-96D0-4F5DF53A8B00}.Release|Any CPU.Build.0 = Release|Any CPU
		{530F1992-65C6-4CB4-82EC-85FA81A7104B}.Debug|Any CPU.ActiveCfg = Debug|Any CPU
		{530F1992-65C6-4CB4-82EC-85FA81A7104B}.Debug|Any CPU.Build.0 = Debug|Any CPU
		{530F1992-65C6-4CB4-82EC-85FA81A7104B}.Release|Any CPU.ActiveCfg = Release|Any CPU
		{530F1992-65C6-4CB4-82EC-85FA81A7104B}.Release|Any CPU.Build.0 = Release|Any CPU
	EndGlobalSection
	GlobalSection(SolutionProperties) = preSolution
		HideSolutionNode = FALSE
	EndGlobalSection
	GlobalSection(ExtensibilityGlobals) = postSolution
		SolutionGuid = {2002D2A7-3056-4345-9909-8B366E07A46F}
	EndGlobalSection
EndGlobal
